
Microsoft Visual Studio Solution File, Format Version 12.00
# Visual Studio Version 16
VisualStudioVersion = 16.0.29509.3
MinimumVisualStudioVersion = 10.0.40219.1
Project("{FAE04EC0-301F-11D3-BF4B-00C04F79EFBC}") = "SqlTableDependency", "SqlTableDependency\SqlTableDependency.csproj", "{CD6E8E8C-336D-457C-8BD2-005D3A7F88FB}"
EndProject
Global
	GlobalSection(SolutionConfigurationPlatforms) = preSolution
		Debug|Any CPU = Debug|Any CPU
		Release|Any CPU = Release|Any CPU
	EndGlobalSection
	GlobalSection(ProjectConfigurationPlatforms) = postSolution
		{CD6E8E8C-336D-457C-8BD2-005D3A7F88FB}.Debug|Any CPU.ActiveCfg = Debug|Any CPU
		{CD6E8E8C-336D-457C-8BD2-005D3A7F88FB}.Debug|Any CPU.Build.0 = Debug|Any CPU
		{CD6E8E8C-336D-457C-8BD2-005D3A7F88FB}.Release|Any CPU.ActiveCfg = Release|Any CPU
		{CD6E8E8C-336D-457C-8BD2-005D3A7F88FB}.Release|Any CPU.Build.0 = Release|Any CPU
	EndGlobalSection
	GlobalSection(SolutionProperties) = preSolution
		HideSolutionNode = FALSE
	EndGlobalSection
	GlobalSection(ExtensibilityGlobals) = postSolution
		SolutionGuid = {4ABA2AB0-957D-43D1-B407-05F7125F76E0}
	EndGlobalSection
EndGlobal
